# Generated by buf. DO NOT EDIT.
version: v1
deps:
  - remote: buf.build
    owner: envoyproxy
    repository: protoc-gen-validate
    branch: main
    commit: dc09a417d27241f7b069feae2cd74a0e
  - remote: buf.build
    owner: googleapis
    repository: googleapis
    branch: main
    commit: 2df0667eabed4ee0af77ea6d1166747a
  - remote: buf.build
    owner: grpc-ecosystem
    repository: grpc-gateway
    branch: main
    commit: ff83506eb9cc4cf8972f49ce87e6ed3e
  - remote: buf.build
    owner: innovation-upstream
    repository: protoc-gen-struct-transformer
    branch: main
    commit: f79706dfb1084a2eb535ac74d233d1b7
