# Generated by buf. DO NOT EDIT.
version: v1
deps:
  - remote: buf.build
    owner: envoyproxy
    repository: protoc-gen-validate
    commit: 45685e052c7e406b9fbd441fc7a568a5
  - remote: buf.build
    owner: googleapis
    repository: googleapis
    commit: e9fcfb66f77242e5b8fd4564d7a01033
  - remote: buf.build
    owner: grpc-ecosystem
    repository: grpc-gateway
    commit: bc28b723cd774c32b6fbc77621518765
  - remote: buf.build
    owner: innovation-upstream
    repository: protoc-gen-struct-transformer
    commit: c69671238aa54aefabf7758418e0d711
